
Microsoft Visual Studio Solution File, Format Version 12.00
# Visual Studio Version 16
VisualStudioVersion = 16.0.31424.327
MinimumVisualStudioVersion = 10.0.40219.1
Project("{FAE04EC0-301F-11D3-BF4B-00C04F79EFBC}") = "TheOracle2", "TheOracle2\TheOracle2.csproj", "{3ADBAC9D-820E-446D-B07B-4402EBCB41C5}"
EndProject
Global
	GlobalSection(SolutionConfigurationPlatforms) = preSolution
		Debug|Any CPU = Debug|Any CPU
		Release|Any CPU = Release|Any CPU
	EndGlobalSection
	GlobalSection(ProjectConfigurationPlatforms) = postSolution
		{3ADBAC9D-820E-446D-B07B-4402EBCB41C5}.Debug|Any CPU.ActiveCfg = Debug|Any CPU
		{3ADBAC9D-820E-446D-B07B-4402EBCB41C5}.Debug|Any CPU.Build.0 = Debug|Any CPU
		{3ADBAC9D-820E-446D-B07B-4402EBCB41C5}.Release|Any CPU.ActiveCfg = Release|Any CPU
		{3ADBAC9D-820E-446D-B07B-4402EBCB41C5}.Release|Any CPU.Build.0 = Release|Any CPU
	EndGlobalSection
	GlobalSection(SolutionProperties) = preSolution
		HideSolutionNode = FALSE
	EndGlobalSection
	GlobalSection(ExtensibilityGlobals) = postSolution
		SolutionGuid = {5DE51D4A-7655-4223-9BA0-944C5F8BB8C9}
	EndGlobalSection
EndGlobal
